// !$*UTF8*$!
{
	archiveVersion = 1;
	classes = {
	};
	objectVersion = 46;
	objects = {

/* Begin PBXBuildFile section */
		5913024E1429AE9800EF1319 /* Icon-72.png in Resources */ = {isa = PBXBuildFile; fileRef = 5913024D1429AE9800EF1319 /* Icon-72.png */; };
		594C99B0142418890004E77A /* TSAppDelegate.m in Sources */ = {isa = PBXBuildFile; fileRef = 594C99AF142418890004E77A /* TSAppDelegate.m */; };
		594C99B3142418920004E77A /* TempFontsViewController.m in Sources */ = {isa = PBXBuildFile; fileRef = 594C99B2142418920004E77A /* TempFontsViewController.m */; };
		594C99B6142418A60004E77A /* TSGlyphViewController.m in Sources */ = {isa = PBXBuildFile; fileRef = 594C99B5142418A60004E77A /* TSGlyphViewController.m */; };
		594C99BB142418B70004E77A /* TJBackButton.m in Sources */ = {isa = PBXBuildFile; fileRef = 594C99B8142418B70004E77A /* TJBackButton.m */; };
		594C99BC142418B70004E77A /* TJPageControl.m in Sources */ = {isa = PBXBuildFile; fileRef = 594C99BA142418B70004E77A /* TJPageControl.m */; };
		594C99C1142418C20004E77A /* UIFont+TSAdditions.m in Sources */ = {isa = PBXBuildFile; fileRef = 594C99BE142418C20004E77A /* UIFont+TSAdditions.m */; };
		594C99C2142418C20004E77A /* UINavigationController+PopAnimated.m in Sources */ = {isa = PBXBuildFile; fileRef = 594C99C0142418C20004E77A /* UINavigationController+PopAnimated.m */; };
		59AC98E4141EFEE300ABC950 /* UIKit.framework in Frameworks */ = {isa = PBXBuildFile; fileRef = 59AC98E3141EFEE300ABC950 /* UIKit.framework */; };
		59AC98E6141EFEE300ABC950 /* Foundation.framework in Frameworks */ = {isa = PBXBuildFile; fileRef = 59AC98E5141EFEE300ABC950 /* Foundation.framework */; };
		59AC98E8141EFEE300ABC950 /* CoreGraphics.framework in Frameworks */ = {isa = PBXBuildFile; fileRef = 59AC98E7141EFEE300ABC950 /* CoreGraphics.framework */; };
		59AC98EE141EFEE300ABC950 /* InfoPlist.strings in Resources */ = {isa = PBXBuildFile; fileRef = 59AC98EC141EFEE300ABC950 /* InfoPlist.strings */; };
		59AC98F0141EFEE300ABC950 /* main.m in Sources */ = {isa = PBXBuildFile; fileRef = 59AC98EF141EFEE300ABC950 /* main.m */; };
		59AC98FC141EFF0B00ABC950 /* TSFontViewController.m in Sources */ = {isa = PBXBuildFile; fileRef = 59AC98FB141EFF0B00ABC950 /* TSFontViewController.m */; };
		59BA3A6614240D680001C9BA /* back.png in Resources */ = {isa = PBXBuildFile; fileRef = 59BA3A6214240D680001C9BA /* back.png */; };
		59BA3A6714240D680001C9BA /* back@2x.png in Resources */ = {isa = PBXBuildFile; fileRef = 59BA3A6314240D680001C9BA /* back@2x.png */; };
		59BA3A6814240D680001C9BA /* backWhite.png in Resources */ = {isa = PBXBuildFile; fileRef = 59BA3A6414240D680001C9BA /* backWhite.png */; };
		59BA3A6914240D680001C9BA /* backWhite@2x.png in Resources */ = {isa = PBXBuildFile; fileRef = 59BA3A6514240D680001C9BA /* backWhite@2x.png */; };
		59CEA98F1425241300D47E85 /* TJScrollViewExtenderView.m in Sources */ = {isa = PBXBuildFile; fileRef = 59CEA98E1425241300D47E85 /* TJScrollViewExtenderView.m */; };
/* End PBXBuildFile section */

/* Begin PBXFileReference section */
		5913024D1429AE9800EF1319 /* Icon-72.png */ = {isa = PBXFileReference; lastKnownFileType = image.png; name = "Icon-72.png"; path = "../Icon-72.png"; sourceTree = "<group>"; };
		594C99AE142418890004E77A /* TSAppDelegate.h */ = {isa = PBXFileReference; fileEncoding = 4; lastKnownFileType = sourcecode.c.h; name = TSAppDelegate.h; path = Classes/TSAppDelegate.h; sourceTree = "<group>"; };
		594C99AF142418890004E77A /* TSAppDelegate.m */ = {isa = PBXFileReference; fileEncoding = 4; lastKnownFileType = sourcecode.c.objc; name = TSAppDelegate.m; path = Classes/TSAppDelegate.m; sourceTree = "<group>"; };
		594C99B1142418920004E77A /* TempFontsViewController.h */ = {isa = PBXFileReference; fileEncoding = 4; lastKnownFileType = sourcecode.c.h; name = TempFontsViewController.h; path = Classes/TempFontsViewController.h; sourceTree = "<group>"; };
		594C99B2142418920004E77A /* TempFontsViewController.m */ = {isa = PBXFileReference; fileEncoding = 4; lastKnownFileType = sourcecode.c.objc; name = TempFontsViewController.m; path = Classes/TempFontsViewController.m; sourceTree = "<group>"; };
		594C99B4142418A60004E77A /* TSGlyphViewController.h */ = {isa = PBXFileReference; fileEncoding = 4; lastKnownFileType = sourcecode.c.h; name = TSGlyphViewController.h; path = Classes/TSGlyphViewController.h; sourceTree = "<group>"; };
		594C99B5142418A60004E77A /* TSGlyphViewController.m */ = {isa = PBXFileReference; fileEncoding = 4; lastKnownFileType = sourcecode.c.objc; name = TSGlyphViewController.m; path = Classes/TSGlyphViewController.m; sourceTree = "<group>"; };
		594C99B7142418B70004E77A /* TJBackButton.h */ = {isa = PBXFileReference; fileEncoding = 4; lastKnownFileType = sourcecode.c.h; name = TJBackButton.h; path = Classes/TJBackButton.h; sourceTree = "<group>"; };
		594C99B8142418B70004E77A /* TJBackButton.m */ = {isa = PBXFileReference; fileEncoding = 4; lastKnownFileType = sourcecode.c.objc; name = TJBackButton.m; path = Classes/TJBackButton.m; sourceTree = "<group>"; };
		594C99B9142418B70004E77A /* TJPageControl.h */ = {isa = PBXFileReference; fileEncoding = 4; lastKnownFileType = sourcecode.c.h; name = TJPageControl.h; path = Classes/TJPageControl.h; sourceTree = "<group>"; };
		594C99BA142418B70004E77A /* TJPageControl.m */ = {isa = PBXFileReference; fileEncoding = 4; lastKnownFileType = sourcecode.c.objc; name = TJPageControl.m; path = Classes/TJPageControl.m; sourceTree = "<group>"; };
		594C99BD142418C20004E77A /* UIFont+TSAdditions.h */ = {isa = PBXFileReference; fileEncoding = 4; lastKnownFileType = sourcecode.c.h; name = "UIFont+TSAdditions.h"; path = "Classes/UIFont+TSAdditions.h"; sourceTree = "<group>"; };
		594C99BE142418C20004E77A /* UIFont+TSAdditions.m */ = {isa = PBXFileReference; fileEncoding = 4; lastKnownFileType = sourcecode.c.objc; name = "UIFont+TSAdditions.m"; path = "Classes/UIFont+TSAdditions.m"; sourceTree = "<group>"; };
		594C99BF142418C20004E77A /* UINavigationController+PopAnimated.h */ = {isa = PBXFileReference; fileEncoding = 4; lastKnownFileType = sourcecode.c.h; name = "UINavigationController+PopAnimated.h"; path = "Classes/UINavigationController+PopAnimated.h"; sourceTree = "<group>"; };
		594C99C0142418C20004E77A /* UINavigationController+PopAnimated.m */ = {isa = PBXFileReference; fileEncoding = 4; lastKnownFileType = sourcecode.c.objc; name = "UINavigationController+PopAnimated.m"; path = "Classes/UINavigationController+PopAnimated.m"; sourceTree = "<group>"; };
		59AC98DF141EFEE300ABC950 /* Typeset.app */ = {isa = PBXFileReference; explicitFileType = wrapper.application; includeInIndex = 0; path = Typeset.app; sourceTree = BUILT_PRODUCTS_DIR; };
		59AC98E3141EFEE300ABC950 /* UIKit.framework */ = {isa = PBXFileReference; lastKnownFileType = wrapper.framework; name = UIKit.framework; path = System/Library/Frameworks/UIKit.framework; sourceTree = SDKROOT; };
		59AC98E5141EFEE300ABC950 /* Foundation.framework */ = {isa = PBXFileReference; lastKnownFileType = wrapper.framework; name = Foundation.framework; path = System/Library/Frameworks/Foundation.framework; sourceTree = SDKROOT; };
		59AC98E7141EFEE300ABC950 /* CoreGraphics.framework */ = {isa = PBXFileReference; lastKnownFileType = wrapper.framework; name = CoreGraphics.framework; path = System/Library/Frameworks/CoreGraphics.framework; sourceTree = SDKROOT; };
		59AC98EB141EFEE300ABC950 /* Typeset-Info.plist */ = {isa = PBXFileReference; lastKnownFileType = text.plist.xml; path = "Typeset-Info.plist"; sourceTree = "<group>"; };
		59AC98ED141EFEE300ABC950 /* en */ = {isa = PBXFileReference; lastKnownFileType = text.plist.strings; name = en; path = en.lproj/InfoPlist.strings; sourceTree = "<group>"; };
		59AC98EF141EFEE300ABC950 /* main.m */ = {isa = PBXFileReference; lastKnownFileType = sourcecode.c.objc; path = main.m; sourceTree = "<group>"; };
		59AC98F1141EFEE300ABC950 /* Typeset-Prefix.pch */ = {isa = PBXFileReference; lastKnownFileType = sourcecode.c.h; path = "Typeset-Prefix.pch"; sourceTree = "<group>"; };
		59AC98FA141EFF0B00ABC950 /* TSFontViewController.h */ = {isa = PBXFileReference; fileEncoding = 4; lastKnownFileType = sourcecode.c.h; name = TSFontViewController.h; path = Classes/TSFontViewController.h; sourceTree = "<group>"; };
		59AC98FB141EFF0B00ABC950 /* TSFontViewController.m */ = {isa = PBXFileReference; fileEncoding = 4; lastKnownFileType = sourcecode.c.objc; name = TSFontViewController.m; path = Classes/TSFontViewController.m; sourceTree = "<group>"; };
		59BA3A6214240D680001C9BA /* back.png */ = {isa = PBXFileReference; lastKnownFileType = image.png; name = back.png; path = Images/back.png; sourceTree = "<group>"; };
		59BA3A6314240D680001C9BA /* back@2x.png */ = {isa = PBXFileReference; lastKnownFileType = image.png; name = "back@2x.png"; path = "Images/back@2x.png"; sourceTree = "<group>"; };
		59BA3A6414240D680001C9BA /* backWhite.png */ = {isa = PBXFileReference; lastKnownFileType = image.png; name = backWhite.png; path = Images/backWhite.png; sourceTree = "<group>"; };
		59BA3A6514240D680001C9BA /* backWhite@2x.png */ = {isa = PBXFileReference; lastKnownFileType = image.png; name = "backWhite@2x.png"; path = "Images/backWhite@2x.png"; sourceTree = "<group>"; };
		59CEA98D1425241300D47E85 /* TJScrollViewExtenderView.h */ = {isa = PBXFileReference; fileEncoding = 4; lastKnownFileType = sourcecode.c.h; name = TJScrollViewExtenderView.h; path = Classes/TJScrollViewExtenderView.h; sourceTree = "<group>"; };
		59CEA98E1425241300D47E85 /* TJScrollViewExtenderView.m */ = {isa = PBXFileReference; fileEncoding = 4; lastKnownFileType = sourcecode.c.objc; name = TJScrollViewExtenderView.m; path = Classes/TJScrollViewExtenderView.m; sourceTree = "<group>"; };
/* End PBXFileReference section */

/* Begin PBXFrameworksBuildPhase section */
		59AC98DC141EFEE300ABC950 /* Frameworks */ = {
			isa = PBXFrameworksBuildPhase;
			buildActionMask = 2147483647;
			files = (
				59AC98E4141EFEE300ABC950 /* UIKit.framework in Frameworks */,
				59AC98E6141EFEE300ABC950 /* Foundation.framework in Frameworks */,
				59AC98E8141EFEE300ABC950 /* CoreGraphics.framework in Frameworks */,
			);
			runOnlyForDeploymentPostprocessing = 0;
		};
/* End PBXFrameworksBuildPhase section */

/* Begin PBXGroup section */
		595E1D1414203B8500B49EE5 /* Categories */ = {
			isa = PBXGroup;
			children = (
				594C99BD142418C20004E77A /* UIFont+TSAdditions.h */,
				594C99BE142418C20004E77A /* UIFont+TSAdditions.m */,
				594C99BF142418C20004E77A /* UINavigationController+PopAnimated.h */,
				594C99C0142418C20004E77A /* UINavigationController+PopAnimated.m */,
			);
			name = Categories;
			sourceTree = "<group>";
		};
		59AC98D4141EFEE300ABC950 = {
			isa = PBXGroup;
			children = (
				59AC98E9141EFEE300ABC950 /* Typeset */,
				59AC98E2141EFEE300ABC950 /* Frameworks */,
				59AC98E0141EFEE300ABC950 /* Products */,
			);
			sourceTree = "<group>";
		};
		59AC98E0141EFEE300ABC950 /* Products */ = {
			isa = PBXGroup;
			children = (
				59AC98DF141EFEE300ABC950 /* Typeset.app */,
			);
			name = Products;
			sourceTree = "<group>";
		};
		59AC98E2141EFEE300ABC950 /* Frameworks */ = {
			isa = PBXGroup;
			children = (
				59AC98E3141EFEE300ABC950 /* UIKit.framework */,
				59AC98E5141EFEE300ABC950 /* Foundation.framework */,
				59AC98E7141EFEE300ABC950 /* CoreGraphics.framework */,
			);
			name = Frameworks;
			sourceTree = "<group>";
		};
		59AC98E9141EFEE300ABC950 /* Typeset */ = {
			isa = PBXGroup;
			children = (
				59AC98FD141EFF0F00ABC950 /* Classes */,
				59AC9907141F10DD00ABC950 /* Images */,
				59AC98EA141EFEE300ABC950 /* Supporting Files */,
			);
			path = Typeset;
			sourceTree = "<group>";
		};
		59AC98EA141EFEE300ABC950 /* Supporting Files */ = {
			isa = PBXGroup;
			children = (
				59AC98EB141EFEE300ABC950 /* Typeset-Info.plist */,
				59AC98EC141EFEE300ABC950 /* InfoPlist.strings */,
				59AC98EF141EFEE300ABC950 /* main.m */,
				59AC98F1141EFEE300ABC950 /* Typeset-Prefix.pch */,
			);
			name = "Supporting Files";
			sourceTree = "<group>";
		};
		59AC98FD141EFF0F00ABC950 /* Classes */ = {
			isa = PBXGroup;
			children = (
				59AC98FE141EFF1700ABC950 /* Application */,
				59AC98FF141EFF2000ABC950 /* View Controllers */,
				59CEA988142523E000D47E85 /* Views */,
				59AC9900141F03C300ABC950 /* Controls */,
				595E1D1414203B8500B49EE5 /* Categories */,
			);
			name = Classes;
			sourceTree = "<group>";
		};
		59AC98FE141EFF1700ABC950 /* Application */ = {
			isa = PBXGroup;
			children = (
				594C99AE142418890004E77A /* TSAppDelegate.h */,
				594C99AF142418890004E77A /* TSAppDelegate.m */,
			);
			name = Application;
			sourceTree = "<group>";
		};
		59AC98FF141EFF2000ABC950 /* View Controllers */ = {
			isa = PBXGroup;
			children = (
				594C99B1142418920004E77A /* TempFontsViewController.h */,
				594C99B2142418920004E77A /* TempFontsViewController.m */,
				59AC98FA141EFF0B00ABC950 /* TSFontViewController.h */,
				59AC98FB141EFF0B00ABC950 /* TSFontViewController.m */,
				594C99B4142418A60004E77A /* TSGlyphViewController.h */,
				594C99B5142418A60004E77A /* TSGlyphViewController.m */,
			);
			name = "View Controllers";
			sourceTree = "<group>";
		};
		59AC9900141F03C300ABC950 /* Controls */ = {
			isa = PBXGroup;
			children = (
				594C99B7142418B70004E77A /* TJBackButton.h */,
				594C99B8142418B70004E77A /* TJBackButton.m */,
				594C99B9142418B70004E77A /* TJPageControl.h */,
				594C99BA142418B70004E77A /* TJPageControl.m */,
			);
			name = Controls;
			sourceTree = "<group>";
		};
		59AC9907141F10DD00ABC950 /* Images */ = {
			isa = PBXGroup;
			children = (
				59BA3A6214240D680001C9BA /* back.png */,
				59BA3A6314240D680001C9BA /* back@2x.png */,
				59BA3A6414240D680001C9BA /* backWhite.png */,
				59BA3A6514240D680001C9BA /* backWhite@2x.png */,
				5913024D1429AE9800EF1319 /* Icon-72.png */,
			);
			name = Images;
			sourceTree = "<group>";
		};
		59CEA988142523E000D47E85 /* Views */ = {
			isa = PBXGroup;
			children = (
				59CEA98D1425241300D47E85 /* TJScrollViewExtenderView.h */,
				59CEA98E1425241300D47E85 /* TJScrollViewExtenderView.m */,
			);
			name = Views;
			sourceTree = "<group>";
		};
/* End PBXGroup section */

/* Begin PBXNativeTarget section */
		59AC98DE141EFEE300ABC950 /* Typeset */ = {
			isa = PBXNativeTarget;
			buildConfigurationList = 59AC98F7141EFEE300ABC950 /* Build configuration list for PBXNativeTarget "Typeset" */;
			buildPhases = (
				59AC98DB141EFEE300ABC950 /* Sources */,
				59AC98DC141EFEE300ABC950 /* Frameworks */,
				59AC98DD141EFEE300ABC950 /* Resources */,
			);
			buildRules = (
			);
			dependencies = (
			);
			name = Typeset;
			productName = Typeset;
			productReference = 59AC98DF141EFEE300ABC950 /* Typeset.app */;
			productType = "com.apple.product-type.application";
		};
/* End PBXNativeTarget section */

/* Begin PBXProject section */
		59AC98D6141EFEE300ABC950 /* Project object */ = {
			isa = PBXProject;
			attributes = {
				LastUpgradeCheck = 0420;
			};
			buildConfigurationList = 59AC98D9141EFEE300ABC950 /* Build configuration list for PBXProject "Typeset" */;
			compatibilityVersion = "Xcode 3.2";
			developmentRegion = English;
			hasScannedForEncodings = 0;
			knownRegions = (
				en,
			);
			mainGroup = 59AC98D4141EFEE300ABC950;
			productRefGroup = 59AC98E0141EFEE300ABC950 /* Products */;
			projectDirPath = "";
			projectRoot = "";
			targets = (
				59AC98DE141EFEE300ABC950 /* Typeset */,
			);
		};
/* End PBXProject section */

/* Begin PBXResourcesBuildPhase section */
		59AC98DD141EFEE300ABC950 /* Resources */ = {
			isa = PBXResourcesBuildPhase;
			buildActionMask = 2147483647;
			files = (
				59AC98EE141EFEE300ABC950 /* InfoPlist.strings in Resources */,
				59BA3A6614240D680001C9BA /* back.png in Resources */,
				59BA3A6714240D680001C9BA /* back@2x.png in Resources */,
				59BA3A6814240D680001C9BA /* backWhite.png in Resources */,
				59BA3A6914240D680001C9BA /* backWhite@2x.png in Resources */,
				5913024E1429AE9800EF1319 /* Icon-72.png in Resources */,
			);
			runOnlyForDeploymentPostprocessing = 0;
		};
/* End PBXResourcesBuildPhase section */

/* Begin PBXSourcesBuildPhase section */
		59AC98DB141EFEE300ABC950 /* Sources */ = {
			isa = PBXSourcesBuildPhase;
			buildActionMask = 2147483647;
			files = (
				59AC98F0141EFEE300ABC950 /* main.m in Sources */,
				59AC98FC141EFF0B00ABC950 /* TSFontViewController.m in Sources */,
				594C99B0142418890004E77A /* TSAppDelegate.m in Sources */,
				594C99B3142418920004E77A /* TempFontsViewController.m in Sources */,
				594C99B6142418A60004E77A /* TSGlyphViewController.m in Sources */,
				594C99BB142418B70004E77A /* TJBackButton.m in Sources */,
				594C99BC142418B70004E77A /* TJPageControl.m in Sources */,
				594C99C1142418C20004E77A /* UIFont+TSAdditions.m in Sources */,
				594C99C2142418C20004E77A /* UINavigationController+PopAnimated.m in Sources */,
				59CEA98F1425241300D47E85 /* TJScrollViewExtenderView.m in Sources */,
			);
			runOnlyForDeploymentPostprocessing = 0;
		};
/* End PBXSourcesBuildPhase section */

/* Begin PBXVariantGroup section */
		59AC98EC141EFEE300ABC950 /* InfoPlist.strings */ = {
			isa = PBXVariantGroup;
			children = (
				59AC98ED141EFEE300ABC950 /* en */,
			);
			name = InfoPlist.strings;
			sourceTree = "<group>";
		};
/* End PBXVariantGroup section */

/* Begin XCBuildConfiguration section */
		59AC98F5141EFEE300ABC950 /* Debug */ = {
			isa = XCBuildConfiguration;
			buildSettings = {
				ALWAYS_SEARCH_USER_PATHS = NO;
				ARCHS = "$(ARCHS_STANDARD_32_BIT)";
				"CODE_SIGN_IDENTITY[sdk=iphoneos*]" = "iPhone Developer";
				COPY_PHASE_STRIP = NO;
				GCC_C_LANGUAGE_STANDARD = gnu99;
				GCC_DYNAMIC_NO_PIC = NO;
				GCC_OPTIMIZATION_LEVEL = 0;
				GCC_PREPROCESSOR_DEFINITIONS = (
					"DEBUG=1",
					"$(inherited)",
				);
				GCC_SYMBOLS_PRIVATE_EXTERN = NO;
				GCC_VERSION = com.apple.compilers.llvm.clang.1_0;
				GCC_WARN_ABOUT_MISSING_PROTOTYPES = YES;
				GCC_WARN_ABOUT_RETURN_TYPE = YES;
				GCC_WARN_UNUSED_VARIABLE = YES;
				IPHONEOS_DEPLOYMENT_TARGET = 5.0;
				SDKROOT = iphoneos;
				TARGETED_DEVICE_FAMILY = 2;
			};
			name = Debug;
		};
		59AC98F6141EFEE300ABC950 /* Release */ = {
			isa = XCBuildConfiguration;
			buildSettings = {
				ALWAYS_SEARCH_USER_PATHS = NO;
				ARCHS = "$(ARCHS_STANDARD_32_BIT)";
				"CODE_SIGN_IDENTITY[sdk=iphoneos*]" = "iPhone Developer";
				COPY_PHASE_STRIP = YES;
				GCC_C_LANGUAGE_STANDARD = gnu99;
				GCC_VERSION = com.apple.compilers.llvm.clang.1_0;
				GCC_WARN_ABOUT_MISSING_PROTOTYPES = YES;
				GCC_WARN_ABOUT_RETURN_TYPE = YES;
				GCC_WARN_UNUSED_VARIABLE = YES;
				IPHONEOS_DEPLOYMENT_TARGET = 5.0;
				OTHER_CFLAGS = "-DNS_BLOCK_ASSERTIONS=1";
				SDKROOT = iphoneos;
				TARGETED_DEVICE_FAMILY = 2;
				VALIDATE_PRODUCT = YES;
			};
			name = Release;
		};
		59AC98F8141EFEE300ABC950 /* Debug */ = {
			isa = XCBuildConfiguration;
			buildSettings = {
				GCC_PRECOMPILE_PREFIX_HEADER = YES;
				GCC_PREFIX_HEADER = "Typeset/Typeset-Prefix.pch";
				INFOPLIST_FILE = "Typeset/Typeset-Info.plist";
				IPHONEOS_DEPLOYMENT_TARGET = 4.0;
				PRODUCT_NAME = "$(TARGET_NAME)";
				TARGETED_DEVICE_FAMILY = 2;
				WRAPPER_EXTENSION = app;
			};
			name = Debug;
		};
		59AC98F9141EFEE300ABC950 /* Release */ = {
			isa = XCBuildConfiguration;
			buildSettings = {
				GCC_PRECOMPILE_PREFIX_HEADER = YES;
				GCC_PREFIX_HEADER = "Typeset/Typeset-Prefix.pch";
				INFOPLIST_FILE = "Typeset/Typeset-Info.plist";
				IPHONEOS_DEPLOYMENT_TARGET = 4.0;
				PRODUCT_NAME = "$(TARGET_NAME)";
				TARGETED_DEVICE_FAMILY = 2;
				WRAPPER_EXTENSION = app;
			};
			name = Release;
		};
/* End XCBuildConfiguration section */

/* Begin XCConfigurationList section */
		59AC98D9141EFEE300ABC950 /* Build configuration list for PBXProject "Typeset" */ = {
			isa = XCConfigurationList;
			buildConfigurations = (
				59AC98F5141EFEE300ABC950 /* Debug */,
				59AC98F6141EFEE300ABC950 /* Release */,
			);
			defaultConfigurationIsVisible = 0;
			defaultConfigurationName = Release;
		};
		59AC98F7141EFEE300ABC950 /* Build configuration list for PBXNativeTarget "Typeset" */ = {
			isa = XCConfigurationList;
			buildConfigurations = (
				59AC98F8141EFEE300ABC950 /* Debug */,
				59AC98F9141EFEE300ABC950 /* Release */,
			);
			defaultConfigurationIsVisible = 0;
			defaultConfigurationName = Release;
		};
/* End XCConfigurationList section */
	};
	rootObject = 59AC98D6141EFEE300ABC950 /* Project object */;
}
